
Microsoft Visual Studio Solution File, Format Version 11.00
# Visual Studio 2010
Project("{FAE04EC0-301F-11D3-BF4B-00C04F79EFBC}") = "Battleships", "Battleships\Battleships.csproj", "{6306AD30-D8DF-487A-8E5B-7C27DD393510}"
EndProject
Project("{FAE04EC0-301F-11D3-BF4B-00C04F79EFBC}") = "UnitTests", "UnitTests\UnitTests.csproj", "{16877358-A16C-4F23-92AA-56E8A592BFDA}"
EndProject
Global
	GlobalSection(SolutionConfigurationPlatforms) = preSolution
		Debug|Any CPU = Debug|Any CPU
		Release|Any CPU = Release|Any CPU
	EndGlobalSection
	GlobalSection(ProjectConfigurationPlatforms) = postSolution
		{6306AD30-D8DF-487A-8E5B-7C27DD393510}.Debug|Any CPU.ActiveCfg = Debug|Any CPU
		{6306AD30-D8DF-487A-8E5B-7C27DD393510}.Debug|Any CPU.Build.0 = Debug|Any CPU
		{6306AD30-D8DF-487A-8E5B-7C27DD393510}.Release|Any CPU.ActiveCfg = Release|Any CPU
		{6306AD30-D8DF-487A-8E5B-7C27DD393510}.Release|Any CPU.Build.0 = Release|Any CPU
		{16877358-A16C-4F23-92AA-56E8A592BFDA}.Debug|Any CPU.ActiveCfg = Debug|Any CPU
		{16877358-A16C-4F23-92AA-56E8A592BFDA}.Debug|Any CPU.Build.0 = Debug|Any CPU
		{16877358-A16C-4F23-92AA-56E8A592BFDA}.Release|Any CPU.ActiveCfg = Release|Any CPU
		{16877358-A16C-4F23-92AA-56E8A592BFDA}.Release|Any CPU.Build.0 = Release|Any CPU
	EndGlobalSection
	GlobalSection(SolutionProperties) = preSolution
		HideSolutionNode = FALSE
	EndGlobalSection
EndGlobal
